// !$*UTF8*$!
{
	archiveVersion = 1;
	classes = {
	};
	objectVersion = 50;
	objects = {

/* Begin PBXBuildFile section */
		30D474612497BF8600E7A624 /* AppDelegate.swift in Sources */ = {isa = PBXBuildFile; fileRef = 30D474602497BF8600E7A624 /* AppDelegate.swift */; };
		30D474632497BF8600E7A624 /* SceneDelegate.swift in Sources */ = {isa = PBXBuildFile; fileRef = 30D474622497BF8600E7A624 /* SceneDelegate.swift */; };
		30D474652497BF8600E7A624 /* ContentView.swift in Sources */ = {isa = PBXBuildFile; fileRef = 30D474642497BF8600E7A624 /* ContentView.swift */; };
		30D474672497BF8900E7A624 /* Assets.xcassets in Resources */ = {isa = PBXBuildFile; fileRef = 30D474662497BF8900E7A624 /* Assets.xcassets */; };
		30D4746A2497BF8900E7A624 /* Preview Assets.xcassets in Resources */ = {isa = PBXBuildFile; fileRef = 30D474692497BF8900E7A624 /* Preview Assets.xcassets */; };
		30D4746D2497BF8900E7A624 /* LaunchScreen.storyboard in Resources */ = {isa = PBXBuildFile; fileRef = 30D4746B2497BF8900E7A624 /* LaunchScreen.storyboard */; };
/* End PBXBuildFile section */

/* Begin PBXFileReference section */
		30D4745D2497BF8600E7A624 /* AlertComponent.app */ = {isa = PBXFileReference; explicitFileType = wrapper.application; includeInIndex = 0; path = AlertComponent.app; sourceTree = BUILT_PRODUCTS_DIR; };
		30D474602497BF8600E7A624 /* AppDelegate.swift */ = {isa = PBXFileReference; lastKnownFileType = sourcecode.swift; path = AppDelegate.swift; sourceTree = "<group>"; };
		30D474622497BF8600E7A624 /* SceneDelegate.swift */ = {isa = PBXFileReference; lastKnownFileType = sourcecode.swift; path = SceneDelegate.swift; sourceTree = "<group>"; };
		30D474642497BF8600E7A624 /* ContentView.swift */ = {isa = PBXFileReference; lastKnownFileType = sourcecode.swift; path = ContentView.swift; sourceTree = "<group>"; };
		30D474662497BF8900E7A624 /* Assets.xcassets */ = {isa = PBXFileReference; lastKnownFileType = folder.assetcatalog; path = Assets.xcassets; sourceTree = "<group>"; };
		30D474692497BF8900E7A624 /* Preview Assets.xcassets */ = {isa = PBXFileReference; lastKnownFileType = folder.assetcatalog; path = "Preview Assets.xcassets"; sourceTree = "<group>"; };
		30D4746C2497BF8900E7A624 /* Base */ = {isa = PBXFileReference; lastKnownFileType = file.storyboard; name = Base; path = Base.lproj/LaunchScreen.storyboard; sourceTree = "<group>"; };
		30D4746E2497BF8900E7A624 /* Info.plist */ = {isa = PBXFileReference; lastKnownFileType = text.plist.xml; path = Info.plist; sourceTree = "<group>"; };
/* End PBXFileReference section */

/* Begin PBXFrameworksBuildPhase section */
		30D4745A2497BF8600E7A624 /* Frameworks */ = {
			isa = PBXFrameworksBuildPhase;
			buildActionMask = 2147483647;
			files = (
			);
			runOnlyForDeploymentPostprocessing = 0;
		};
/* End PBXFrameworksBuildPhase section */

/* Begin PBXGroup section */
		30D474542497BF8600E7A624 = {
			isa = PBXGroup;
			children = (
				30D4745F2497BF8600E7A624 /* AlertComponent */,
				30D4745E2497BF8600E7A624 /* Products */,
			);
			sourceTree = "<group>";
		};
		30D4745E2497BF8600E7A624 /* Products */ = {
			isa = PBXGroup;
			children = (
				30D4745D2497BF8600E7A624 /* AlertComponent.app */,
			);
			name = Products;
			sourceTree = "<group>";
		};
		30D4745F2497BF8600E7A624 /* AlertComponent */ = {
			isa = PBXGroup;
			children = (
				30D474602497BF8600E7A624 /* AppDelegate.swift */,
				30D474622497BF8600E7A624 /* SceneDelegate.swift */,
				30D474642497BF8600E7A624 /* ContentView.swift */,
				30D474662497BF8900E7A624 /* Assets.xcassets */,
				30D4746B2497BF8900E7A624 /* LaunchScreen.storyboard */,
				30D4746E2497BF8900E7A624 /* Info.plist */,
				30D474682497BF8900E7A624 /* Preview Content */,
			);
			path = AlertComponent;
			sourceTree = "<group>";
		};
		30D474682497BF8900E7A624 /* Preview Content */ = {
			isa = PBXGroup;
			children = (
				30D474692497BF8900E7A624 /* Preview Assets.xcassets */,
			);
			path = "Preview Content";
			sourceTree = "<group>";
		};
/* End PBXGroup section */

/* Begin PBXNativeTarget section */
		30D4745C2497BF8600E7A624 /* AlertComponent */ = {
			isa = PBXNativeTarget;
			buildConfigurationList = 30D474712497BF8900E7A624 /* Build configuration list for PBXNativeTarget "AlertComponent" */;
			buildPhases = (
				30D474592497BF8600E7A624 /* Sources */,
				30D4745A2497BF8600E7A624 /* Frameworks */,
				30D4745B2497BF8600E7A624 /* Resources */,
			);
			buildRules = (
			);
			dependencies = (
			);
			name = AlertComponent;
			productName = AlertComponent;
			productReference = 30D4745D2497BF8600E7A624 /* AlertComponent.app */;
			productType = "com.apple.product-type.application";
		};
/* End PBXNativeTarget section */

/* Begin PBXProject section */
		30D474552497BF8600E7A624 /* Project object */ = {
			isa = PBXProject;
			attributes = {
				LastSwiftUpdateCheck = 1150;
				LastUpgradeCheck = 1150;
				ORGANIZATIONNAME = APPIWEDIA;
				TargetAttributes = {
					30D4745C2497BF8600E7A624 = {
						CreatedOnToolsVersion = 11.5;
					};
				};
			};
			buildConfigurationList = 30D474582497BF8600E7A624 /* Build configuration list for PBXProject "AlertComponent" */;
			compatibilityVersion = "Xcode 9.3";
			developmentRegion = en;
			hasScannedForEncodings = 0;
			knownRegions = (
				en,
				Base,
			);
			mainGroup = 30D474542497BF8600E7A624;
			productRefGroup = 30D4745E2497BF8600E7A624 /* Products */;
			projectDirPath = "";
			projectRoot = "";
			targets = (
				30D4745C2497BF8600E7A624 /* AlertComponent */,
			);
		};
/* End PBXProject section */

/* Begin PBXResourcesBuildPhase section */
		30D4745B2497BF8600E7A624 /* Resources */ = {
			isa = PBXResourcesBuildPhase;
			buildActionMask = 2147483647;
			files = (
				30D4746D2497BF8900E7A624 /* LaunchScreen.storyboard in Resources */,
				30D4746A2497BF8900E7A624 /* Preview Assets.xcassets in Resources */,
				30D474672497BF8900E7A624 /* Assets.xcassets in Resources */,
			);
			runOnlyForDeploymentPostprocessing = 0;
		};
/* End PBXResourcesBuildPhase section */

/* Begin PBXSourcesBuildPhase section */
		30D474592497BF8600E7A624 /* Sources */ = {
			isa = PBXSourcesBuildPhase;
			buildActionMask = 2147483647;
			files = (
				30D474612497BF8600E7A624 /* AppDelegate.swift in Sources */,
				30D474632497BF8600E7A624 /* SceneDelegate.swift in Sources */,
				30D474652497BF8600E7A624 /* ContentView.swift in Sources */,
			);
			runOnlyForDeploymentPostprocessing = 0;
		};
/* End PBXSourcesBuildPhase section */

/* Begin PBXVariantGroup section */
		30D4746B2497BF8900E7A624 /* LaunchScreen.storyboard */ = {
			isa = PBXVariantGroup;
			children = (
				30D4746C2497BF8900E7A624 /* Base */,
			);
			name = LaunchScreen.storyboard;
			sourceTree = "<group>";
		};
/* End PBXVariantGroup section */

/* Begin XCBuildConfiguration section */
		30D4746F2497BF8900E7A624 /* Debug */ = {
			isa = XCBuildConfiguration;
			buildSettings = {
				ALWAYS_SEARCH_USER_PATHS = NO;
				CLANG_ANALYZER_NONNULL = YES;
				CLANG_ANALYZER_NUMBER_OBJECT_CONVERSION = YES_AGGRESSIVE;
				CLANG_CXX_LANGUAGE_STANDARD = "gnu++14";
				CLANG_CXX_LIBRARY = "libc++";
				CLANG_ENABLE_MODULES = YES;
				CLANG_ENABLE_OBJC_ARC = YES;
				CLANG_ENABLE_OBJC_WEAK = YES;
				CLANG_WARN_BLOCK_CAPTURE_AUTORELEASING = YES;
				CLANG_WARN_BOOL_CONVERSION = YES;
				CLANG_WARN_COMMA = YES;
				CLANG_WARN_CONSTANT_CONVERSION = YES;
				CLANG_WARN_DEPRECATED_OBJC_IMPLEMENTATIONS = YES;
				CLANG_WARN_DIRECT_OBJC_ISA_USAGE = YES_ERROR;
				CLANG_WARN_DOCUMENTATION_COMMENTS = YES;
				CLANG_WARN_EMPTY_BODY = YES;
				CLANG_WARN_ENUM_CONVERSION = YES;
				CLANG_WARN_INFINITE_RECURSION = YES;
				CLANG_WARN_INT_CONVERSION = YES;
				CLANG_WARN_NON_LITERAL_NULL_CONVERSION = YES;
				CLANG_WARN_OBJC_IMPLICIT_RETAIN_SELF = YES;
				CLANG_WARN_OBJC_LITERAL_CONVERSION = YES;
				CLANG_WARN_OBJC_ROOT_CLASS = YES_ERROR;
				CLANG_WARN_RANGE_LOOP_ANALYSIS = YES;
				CLANG_WARN_STRICT_PROTOTYPES = YES;
				CLANG_WARN_SUSPICIOUS_MOVE = YES;
				CLANG_WARN_UNGUARDED_AVAILABILITY = YES_AGGRESSIVE;
				CLANG_WARN_UNREACHABLE_CODE = YES;
				CLANG_WARN__DUPLICATE_METHOD_MATCH = YES;
				COPY_PHASE_STRIP = NO;
				DEBUG_INFORMATION_FORMAT = dwarf;
				ENABLE_STRICT_OBJC_MSGSEND = YES;
				ENABLE_TESTABILITY = YES;
				GCC_C_LANGUAGE_STANDARD = gnu11;
				GCC_DYNAMIC_NO_PIC = NO;
				GCC_NO_COMMON_BLOCKS = YES;
				GCC_OPTIMIZATION_LEVEL = 0;
				GCC_PREPROCESSOR_DEFINITIONS = (
					"DEBUG=1",
					"$(inherited)",
				);
				GCC_WARN_64_TO_32_BIT_CONVERSION = YES;
				GCC_WARN_ABOUT_RETURN_TYPE = YES_ERROR;
				GCC_WARN_UNDECLARED_SELECTOR = YES;
				GCC_WARN_UNINITIALIZED_AUTOS = YES_AGGRESSIVE;
				GCC_WARN_UNUSED_FUNCTION = YES;
				GCC_WARN_UNUSED_VARIABLE = YES;
				IPHONEOS_DEPLOYMENT_TARGET = 13.5;
				MTL_ENABLE_DEBUG_INFO = INCLUDE_SOURCE;
				MTL_FAST_MATH = YES;
				ONLY_ACTIVE_ARCH = YES;
				SDKROOT = iphoneos;
				SWIFT_ACTIVE_COMPILATION_CONDITIONS = DEBUG;
				SWIFT_OPTIMIZATION_LEVEL = "-Onone";
			};
			name = Debug;
		};
		30D474702497BF8900E7A624 /* Release */ = {
			isa = XCBuildConfiguration;
			buildSettings = {
				ALWAYS_SEARCH_USER_PATHS = NO;
				CLANG_ANALYZER_NONNULL = YES;
				CLANG_ANALYZER_NUMBER_OBJECT_CONVERSION = YES_AGGRESSIVE;
				CLANG_CXX_LANGUAGE_STANDARD = "gnu++14";
				CLANG_CXX_LIBRARY = "libc++";
				CLANG_ENABLE_MODULES = YES;
				CLANG_ENABLE_OBJC_ARC = YES;
				CLANG_ENABLE_OBJC_WEAK = YES;
				CLANG_WARN_BLOCK_CAPTURE_AUTORELEASING = YES;
				CLANG_WARN_BOOL_CONVERSION = YES;
				CLANG_WARN_COMMA = YES;
				CLANG_WARN_CONSTANT_CONVERSION = YES;
				CLANG_WARN_DEPRECATED_OBJC_IMPLEMENTATIONS = YES;
				CLANG_WARN_DIRECT_OBJC_ISA_USAGE = YES_ERROR;
				CLANG_WARN_DOCUMENTATION_COMMENTS = YES;
				CLANG_WARN_EMPTY_BODY = YES;
				CLANG_WARN_ENUM_CONVERSION = YES;
				CLANG_WARN_INFINITE_RECURSION = YES;
				CLANG_WARN_INT_CONVERSION = YES;
				CLANG_WARN_NON_LITERAL_NULL_CONVERSION = YES;
				CLANG_WARN_OBJC_IMPLICIT_RETAIN_SELF = YES;
				CLANG_WARN_OBJC_LITERAL_CONVERSION = YES;
				CLANG_WARN_OBJC_ROOT_CLASS = YES_ERROR;
				CLANG_WARN_RANGE_LOOP_ANALYSIS = YES;
				CLANG_WARN_STRICT_PROTOTYPES = YES;
				CLANG_WARN_SUSPICIOUS_MOVE = YES;
				CLANG_WARN_UNGUARDED_AVAILABILITY = YES_AGGRESSIVE;
				CLANG_WARN_UNREACHABLE_CODE = YES;
				CLANG_WARN__DUPLICATE_METHOD_MATCH = YES;
				COPY_PHASE_STRIP = NO;
				DEBUG_INFORMATION_FORMAT = "dwarf-with-dsym";
				ENABLE_NS_ASSERTIONS = NO;
				ENABLE_STRICT_OBJC_MSGSEND = YES;
				GCC_C_LANGUAGE_STANDARD = gnu11;
				GCC_NO_COMMON_BLOCKS = YES;
				GCC_WARN_64_TO_32_BIT_CONVERSION = YES;
				GCC_WARN_ABOUT_RETURN_TYPE = YES_ERROR;
				GCC_WARN_UNDECLARED_SELECTOR = YES;
				GCC_WARN_UNINITIALIZED_AUTOS = YES_AGGRESSIVE;
				GCC_WARN_UNUSED_FUNCTION = YES;
				GCC_WARN_UNUSED_VARIABLE = YES;
				IPHONEOS_DEPLOYMENT_TARGET = 13.5;
				MTL_ENABLE_DEBUG_INFO = NO;
				MTL_FAST_MATH = YES;
				SDKROOT = iphoneos;
				SWIFT_COMPILATION_MODE = wholemodule;
				SWIFT_OPTIMIZATION_LEVEL = "-O";
				VALIDATE_PRODUCT = YES;
			};
			name = Release;
		};
		30D474722497BF8900E7A624 /* Debug */ = {
			isa = XCBuildConfiguration;
			buildSettings = {
				ASSETCATALOG_COMPILER_APPICON_NAME = AppIcon;
				CODE_SIGN_STYLE = Automatic;
				DEVELOPMENT_ASSET_PATHS = "\"AlertComponent/Preview Content\"";
				DEVELOPMENT_TEAM = 7AZ93CK4F6;
				ENABLE_PREVIEWS = YES;
				INFOPLIST_FILE = AlertComponent/Info.plist;
				LD_RUNPATH_SEARCH_PATHS = (
					"$(inherited)",
					"@executable_path/Frameworks",
				);
				PRODUCT_BUNDLE_IDENTIFIER = com.appiwedia.apps.ios.AlertComponent;
				PRODUCT_NAME = "$(TARGET_NAME)";
				SWIFT_VERSION = 5.0;
				TARGETED_DEVICE_FAMILY = "1,2";
			};
			name = Debug;
		};
		30D474732497BF8900E7A624 /* Release */ = {
			isa = XCBuildConfiguration;
			buildSettings = {
				ASSETCATALOG_COMPILER_APPICON_NAME = AppIcon;
				CODE_SIGN_STYLE = Automatic;
				DEVELOPMENT_ASSET_PATHS = "\"AlertComponent/Preview Content\"";
				DEVELOPMENT_TEAM = 7AZ93CK4F6;
				ENABLE_PREVIEWS = YES;
				INFOPLIST_FILE = AlertComponent/Info.plist;
				LD_RUNPATH_SEARCH_PATHS = (
					"$(inherited)",
					"@executable_path/Frameworks",
				);
				PRODUCT_BUNDLE_IDENTIFIER = com.appiwedia.apps.ios.AlertComponent;
				PRODUCT_NAME = "$(TARGET_NAME)";
				SWIFT_VERSION = 5.0;
				TARGETED_DEVICE_FAMILY = "1,2";
			};
			name = Release;
		};
/* End XCBuildConfiguration section */

/* Begin XCConfigurationList section */
		30D474582497BF8600E7A624 /* Build configuration list for PBXProject "AlertComponent" */ = {
			isa = XCConfigurationList;
			buildConfigurations = (
				30D4746F2497BF8900E7A624 /* Debug */,
				30D474702497BF8900E7A624 /* Release */,
			);
			defaultConfigurationIsVisible = 0;
			defaultConfigurationName = Release;
		};
		30D474712497BF8900E7A624 /* Build configuration list for PBXNativeTarget "AlertComponent" */ = {
			isa = XCConfigurationList;
			buildConfigurations = (
				30D474722497BF8900E7A624 /* Debug */,
				30D474732497BF8900E7A624 /* Release */,
			);
			defaultConfigurationIsVisible = 0;
			defaultConfigurationName = Release;
		};
/* End XCConfigurationList section */
	};
	rootObject = 30D474552497BF8600E7A624 /* Project object */;
}
